
Microsoft Visual Studio Solution File, Format Version 12.00
Project("{FAE04EC0-301F-11D3-BF4B-00C04F79EFBC}") = "CSharpBasics", "CSharpBasics\CSharpBasics.csproj", "{3DFE0817-FC32-412B-87EC-1F5BAD89EE78}"
EndProject
Project("{FAE04EC0-301F-11D3-BF4B-00C04F79EFBC}") = "ProjectsWebApp", "ProjectsWebApp\ProjectsWebApp.csproj", "{70C55860-6E6C-414F-BA11-EDC0EE0050B2}"
EndProject
Project("{FAE04EC0-301F-11D3-BF4B-00C04F79EFBC}") = "BasicHTTPServer", "BasicHTTPServer\BasicHTTPServer.csproj", "{3BDFB95F-A5E8-4A72-AF05-0235108CCB7A}"
EndProject
Project("{FAE04EC0-301F-11D3-BF4B-00C04F79EFBC}") = "MoviesWebApp", "MoviesWebApp\MoviesWebApp.csproj", "{7DA10697-323B-44A4-8CA1-F7CD36E046BC}"
EndProject
